
Microsoft Visual Studio Solution File, Format Version 12.00
# Visual Studio Version 17
VisualStudioVersion = 17.3.32721.290
MinimumVisualStudioVersion = 10.0.40219.1
Project("{9A19103F-16F7-4668-BE54-9A1E7A4F7556}") = "ppedv.Hotelity.Model", "ppedv.Hotelity.Model\ppedv.Hotelity.Model.csproj", "{B9E9ACC7-08C7-4C1A-A9B6-449F34DF5D52}"
EndProject
Project("{9A19103F-16F7-4668-BE54-9A1E7A4F7556}") = "ppedv.Hotelity.Data.EfCore", "ppedv.Hotelity.Data.EfCore\ppedv.Hotelity.Data.EfCore.csproj", "{28F231E7-A6F8-4E2E-B227-275FE5570DB3}"
EndProject
Project("{9A19103F-16F7-4668-BE54-9A1E7A4F7556}") = "ppedv.Hotelity.Data.EfCore.Tests", "ppedv.Hotelity.Data.EfCore.Tests\ppedv.Hotelity.Data.EfCore.Tests.csproj", "{B4F5BC29-07BC-4349-984E-575F2ACC2A69}"
EndProject
Project("{9A19103F-16F7-4668-BE54-9A1E7A4F7556}") = "ppedv.Hotelity.Logic", "ppedv.Hotelity.Logic\ppedv.Hotelity.Logic.csproj", "{A400CCFA-F118-4009-B1CC-BE718C4243F4}"
EndProject
Project("{9A19103F-16F7-4668-BE54-9A1E7A4F7556}") = "ppedv.Hotelity.UI.DevConsole", "ppedv.Hotelity.UI.DevConsole\ppedv.Hotelity.UI.DevConsole.csproj", "{5894DA29-34E3-4CB7-A816-5692BA6027E0}"
EndProject
Project("{9A19103F-16F7-4668-BE54-9A1E7A4F7556}") = "ppedv.Hotelity.Logic.Tests", "ppedv.Hotelity.Logic.Tests\ppedv.Hotelity.Logic.Tests.csproj", "{A4121D6D-EF37-4E31-A6D0-0D98A9DCF203}"
EndProject
Project("{9A19103F-16F7-4668-BE54-9A1E7A4F7556}") = "ppedv.Hotelity.UI.WebMVC", "ppedv.Hotelity.UI.WebMVC\ppedv.Hotelity.UI.WebMVC.csproj", "{1002C717-2B03-4B1A-931F-1208860D9673}"
EndProject
Project("{9A19103F-16F7-4668-BE54-9A1E7A4F7556}") = "ppedv.Hotelity.Logging", "ppedv.Hotelity.Logging\ppedv.Hotelity.Logging.csproj", "{C2B268C7-5EC0-4D52-8C5C-D691D5B57945}"
EndProject
Project("{2150E333-8FDC-42A3-9474-1A3956D46DE8}") = "UI", "UI", "{54522664-F561-4D34-94B8-A27F802C952D}"
EndProject
Project("{2150E333-8FDC-42A3-9474-1A3956D46DE8}") = "Desktop", "Desktop", "{8E8BC12D-0746-44CF-A85B-EA8C5B2BC470}"
EndProject
Project("{2150E333-8FDC-42A3-9474-1A3956D46DE8}") = "Web", "Web", "{5D651FB7-C80D-434D-9C4C-0F9B3D418DFE}"
EndProject
Project("{2150E333-8FDC-42A3-9474-1A3956D46DE8}") = "Infrastucture", "Infrastucture", "{B0004E9C-6D7E-45B7-B53E-F02565D268F9}"
EndProject
Project("{2150E333-8FDC-42A3-9474-1A3956D46DE8}") = "Application", "Application", "{53869F7B-5BD4-4024-B8C7-376BC31ED8B7}"
EndProject
Project("{2150E333-8FDC-42A3-9474-1A3956D46DE8}") = "Logic (Obsolete)", "Logic (Obsolete)", "{89FF1141-3EBE-4383-874A-C5E909EF50B8}"
EndProject
Project("{2150E333-8FDC-42A3-9474-1A3956D46DE8}") = "Validation", "Validation", "{EB32248A-AA95-45B4-8F96-3DF6575D0320}"
EndProject
Project("{2150E333-8FDC-42A3-9474-1A3956D46DE8}") = "Common", "Common", "{900C30BA-0AFE-4B50-A24F-40BD4516D870}"
EndProject
Project("{2150E333-8FDC-42A3-9474-1A3956D46DE8}") = "Contracts", "Contracts", "{0523DEAB-0B00-4E1E-8893-098769EB0090}"
EndProject
Project("{2150E333-8FDC-42A3-9474-1A3956D46DE8}") = "Util", "Util", "{428F06EC-534E-4CEA-8240-DCBAC34F431A}"
EndProject
Project("{2150E333-8FDC-42A3-9474-1A3956D46DE8}") = "DB", "DB", "{2984793B-AD97-46FD-81B9-1B58F66CFB6D}"
EndProject
Project("{FAE04EC0-301F-11D3-BF4B-00C04F79EFBC}") = "ppedv.Hotelity.UI.WPF", "ppedv.Hotelity.UI.WPF\ppedv.Hotelity.UI.WPF.csproj", "{4B928CA8-AE43-4E3E-AE39-E336A5E869B4}"
EndProject
Project("{2150E333-8FDC-42A3-9474-1A3956D46DE8}") = "Services", "Services", "{5273551B-7DB5-4D60-BB96-22F0AECD4FFE}"
EndProject
Project("{FAE04EC0-301F-11D3-BF4B-00C04F79EFBC}") = "ppedv.Hotelity.Services.BookingService", "ppedv.Hotelity.Services.BookingService\ppedv.Hotelity.Services.BookingService.csproj", "{D2F79316-7FBA-449E-A40C-E870C1C2F896}"
EndProject
Project("{FAE04EC0-301F-11D3-BF4B-00C04F79EFBC}") = "ppedv.Hotelity.Services.RoomService", "ppedv.Hotelity.Services.RoomService\ppedv.Hotelity.Services.RoomService.csproj", "{CBF01CFA-4EFA-4BFF-8931-10BEF57A1EA4}"
EndProject
Project("{FAE04EC0-301F-11D3-BF4B-00C04F79EFBC}") = "ppedv.Hotelity.Services.RoomService.Tests", "ppedv.Hotelity.Services.RoomService.Tests\ppedv.Hotelity.Services.RoomService.Tests.csproj", "{C72092D3-CD5A-4DCF-B031-DD7540F90155}"
EndProject
Project("{2150E333-8FDC-42A3-9474-1A3956D46DE8}") = "BookingService", "BookingService", "{C222E57A-D8CE-43FB-B902-21771A756404}"
EndProject
Project("{2150E333-8FDC-42A3-9474-1A3956D46DE8}") = "RoomService", "RoomService", "{A6F6D3EB-676F-43C8-BC4B-9247ED8A9075}"
EndProject
Global
	GlobalSection(SolutionConfigurationPlatforms) = preSolution
		Debug|Any CPU = Debug|Any CPU
		Release|Any CPU = Release|Any CPU
	EndGlobalSection
	GlobalSection(ProjectConfigurationPlatforms) = postSolution
		{B9E9ACC7-08C7-4C1A-A9B6-449F34DF5D52}.Debug|Any CPU.ActiveCfg = Debug|Any CPU
		{B9E9ACC7-08C7-4C1A-A9B6-449F34DF5D52}.Debug|Any CPU.Build.0 = Debug|Any CPU
		{B9E9ACC7-08C7-4C1A-A9B6-449F34DF5D52}.Release|Any CPU.ActiveCfg = Release|Any CPU
		{B9E9ACC7-08C7-4C1A-A9B6-449F34DF5D52}.Release|Any CPU.Build.0 = Release|Any CPU
		{28F231E7-A6F8-4E2E-B227-275FE5570DB3}.Debug|Any CPU.ActiveCfg = Debug|Any CPU
		{28F231E7-A6F8-4E2E-B227-275FE5570DB3}.Debug|Any CPU.Build.0 = Debug|Any CPU
		{28F231E7-A6F8-4E2E-B227-275FE5570DB3}.Release|Any CPU.ActiveCfg = Release|Any CPU
		{28F231E7-A6F8-4E2E-B227-275FE5570DB3}.Release|Any CPU.Build.0 = Release|Any CPU
		{B4F5BC29-07BC-4349-984E-575F2ACC2A69}.Debug|Any CPU.ActiveCfg = Debug|Any CPU
		{B4F5BC29-07BC-4349-984E-575F2ACC2A69}.Debug|Any CPU.Build.0 = Debug|Any CPU
		{B4F5BC29-07BC-4349-984E-575F2ACC2A69}.Release|Any CPU.ActiveCfg = Release|Any CPU
		{B4F5BC29-07BC-4349-984E-575F2ACC2A69}.Release|Any CPU.Build.0 = Release|Any CPU
		{A400CCFA-F118-4009-B1CC-BE718C4243F4}.Debug|Any CPU.ActiveCfg = Debug|Any CPU
		{A400CCFA-F118-4009-B1CC-BE718C4243F4}.Debug|Any CPU.Build.0 = Debug|Any CPU
		{A400CCFA-F118-4009-B1CC-BE718C4243F4}.Release|Any CPU.ActiveCfg = Release|Any CPU
		{A400CCFA-F118-4009-B1CC-BE718C4243F4}.Release|Any CPU.Build.0 = Release|Any CPU
		{5894DA29-34E3-4CB7-A816-5692BA6027E0}.Debug|Any CPU.ActiveCfg = Debug|Any CPU
		{5894DA29-34E3-4CB7-A816-5692BA6027E0}.Debug|Any CPU.Build.0 = Debug|Any CPU
		{5894DA29-34E3-4CB7-A816-5692BA6027E0}.Release|Any CPU.ActiveCfg = Release|Any CPU
		{5894DA29-34E3-4CB7-A816-5692BA6027E0}.Release|Any CPU.Build.0 = Release|Any CPU
		{A4121D6D-EF37-4E31-A6D0-0D98A9DCF203}.Debug|Any CPU.ActiveCfg = Debug|Any CPU
		{A4121D6D-EF37-4E31-A6D0-0D98A9DCF203}.Debug|Any CPU.Build.0 = Debug|Any CPU
		{A4121D6D-EF37-4E31-A6D0-0D98A9DCF203}.Release|Any CPU.ActiveCfg = Release|Any CPU
		{A4121D6D-EF37-4E31-A6D0-0D98A9DCF203}.Release|Any CPU.Build.0 = Release|Any CPU
		{1002C717-2B03-4B1A-931F-1208860D9673}.Debug|Any CPU.ActiveCfg = Debug|Any CPU
		{1002C717-2B03-4B1A-931F-1208860D9673}.Debug|Any CPU.Build.0 = Debug|Any CPU
		{1002C717-2B03-4B1A-931F-1208860D9673}.Release|Any CPU.ActiveCfg = Release|Any CPU
		{1002C717-2B03-4B1A-931F-1208860D9673}.Release|Any CPU.Build.0 = Release|Any CPU
		{C2B268C7-5EC0-4D52-8C5C-D691D5B57945}.Debug|Any CPU.ActiveCfg = Debug|Any CPU
		{C2B268C7-5EC0-4D52-8C5C-D691D5B57945}.Debug|Any CPU.Build.0 = Debug|Any CPU
		{C2B268C7-5EC0-4D52-8C5C-D691D5B57945}.Release|Any CPU.ActiveCfg = Release|Any CPU
		{C2B268C7-5EC0-4D52-8C5C-D691D5B57945}.Release|Any CPU.Build.0 = Release|Any CPU
		{4B928CA8-AE43-4E3E-AE39-E336A5E869B4}.Debug|Any CPU.ActiveCfg = Debug|Any CPU
		{4B928CA8-AE43-4E3E-AE39-E336A5E869B4}.Debug|Any CPU.Build.0 = Debug|Any CPU
		{4B928CA8-AE43-4E3E-AE39-E336A5E869B4}.Release|Any CPU.ActiveCfg = Release|Any CPU
		{4B928CA8-AE43-4E3E-AE39-E336A5E869B4}.Release|Any CPU.Build.0 = Release|Any CPU
		{D2F79316-7FBA-449E-A40C-E870C1C2F896}.Debug|Any CPU.ActiveCfg = Debug|Any CPU
		{D2F79316-7FBA-449E-A40C-E870C1C2F896}.Debug|Any CPU.Build.0 = Debug|Any CPU
		{D2F79316-7FBA-449E-A40C-E870C1C2F896}.Release|Any CPU.ActiveCfg = Release|Any CPU
		{D2F79316-7FBA-449E-A40C-E870C1C2F896}.Release|Any CPU.Build.0 = Release|Any CPU
		{CBF01CFA-4EFA-4BFF-8931-10BEF57A1EA4}.Debug|Any CPU.ActiveCfg = Debug|Any CPU
		{CBF01CFA-4EFA-4BFF-8931-10BEF57A1EA4}.Debug|Any CPU.Build.0 = Debug|Any CPU
		{CBF01CFA-4EFA-4BFF-8931-10BEF57A1EA4}.Release|Any CPU.ActiveCfg = Release|Any CPU
		{CBF01CFA-4EFA-4BFF-8931-10BEF57A1EA4}.Release|Any CPU.Build.0 = Release|Any CPU
		{C72092D3-CD5A-4DCF-B031-DD7540F90155}.Debug|Any CPU.ActiveCfg = Debug|Any CPU
		{C72092D3-CD5A-4DCF-B031-DD7540F90155}.Debug|Any CPU.Build.0 = Debug|Any CPU
		{C72092D3-CD5A-4DCF-B031-DD7540F90155}.Release|Any CPU.ActiveCfg = Release|Any CPU
		{C72092D3-CD5A-4DCF-B031-DD7540F90155}.Release|Any CPU.Build.0 = Release|Any CPU
	EndGlobalSection
	GlobalSection(SolutionProperties) = preSolution
		HideSolutionNode = FALSE
	EndGlobalSection
	GlobalSection(NestedProjects) = preSolution
		{B9E9ACC7-08C7-4C1A-A9B6-449F34DF5D52} = {0523DEAB-0B00-4E1E-8893-098769EB0090}
		{28F231E7-A6F8-4E2E-B227-275FE5570DB3} = {2984793B-AD97-46FD-81B9-1B58F66CFB6D}
		{B4F5BC29-07BC-4349-984E-575F2ACC2A69} = {2984793B-AD97-46FD-81B9-1B58F66CFB6D}
		{A400CCFA-F118-4009-B1CC-BE718C4243F4} = {89FF1141-3EBE-4383-874A-C5E909EF50B8}
		{5894DA29-34E3-4CB7-A816-5692BA6027E0} = {8E8BC12D-0746-44CF-A85B-EA8C5B2BC470}
		{A4121D6D-EF37-4E31-A6D0-0D98A9DCF203} = {89FF1141-3EBE-4383-874A-C5E909EF50B8}
		{1002C717-2B03-4B1A-931F-1208860D9673} = {5D651FB7-C80D-434D-9C4C-0F9B3D418DFE}
		{C2B268C7-5EC0-4D52-8C5C-D691D5B57945} = {428F06EC-534E-4CEA-8240-DCBAC34F431A}
		{8E8BC12D-0746-44CF-A85B-EA8C5B2BC470} = {54522664-F561-4D34-94B8-A27F802C952D}
		{5D651FB7-C80D-434D-9C4C-0F9B3D418DFE} = {54522664-F561-4D34-94B8-A27F802C952D}
		{89FF1141-3EBE-4383-874A-C5E909EF50B8} = {53869F7B-5BD4-4024-B8C7-376BC31ED8B7}
		{EB32248A-AA95-45B4-8F96-3DF6575D0320} = {53869F7B-5BD4-4024-B8C7-376BC31ED8B7}
		{0523DEAB-0B00-4E1E-8893-098769EB0090} = {900C30BA-0AFE-4B50-A24F-40BD4516D870}
		{428F06EC-534E-4CEA-8240-DCBAC34F431A} = {900C30BA-0AFE-4B50-A24F-40BD4516D870}
		{2984793B-AD97-46FD-81B9-1B58F66CFB6D} = {B0004E9C-6D7E-45B7-B53E-F02565D268F9}
		{4B928CA8-AE43-4E3E-AE39-E336A5E869B4} = {8E8BC12D-0746-44CF-A85B-EA8C5B2BC470}
		{5273551B-7DB5-4D60-BB96-22F0AECD4FFE} = {53869F7B-5BD4-4024-B8C7-376BC31ED8B7}
		{D2F79316-7FBA-449E-A40C-E870C1C2F896} = {C222E57A-D8CE-43FB-B902-21771A756404}
		{CBF01CFA-4EFA-4BFF-8931-10BEF57A1EA4} = {A6F6D3EB-676F-43C8-BC4B-9247ED8A9075}
		{C72092D3-CD5A-4DCF-B031-DD7540F90155} = {A6F6D3EB-676F-43C8-BC4B-9247ED8A9075}
		{C222E57A-D8CE-43FB-B902-21771A756404} = {5273551B-7DB5-4D60-BB96-22F0AECD4FFE}
		{A6F6D3EB-676F-43C8-BC4B-9247ED8A9075} = {5273551B-7DB5-4D60-BB96-22F0AECD4FFE}
	EndGlobalSection
	GlobalSection(ExtensibilityGlobals) = postSolution
		SolutionGuid = {405C34D9-E936-49EA-AC28-226F08D4DCF8}
	EndGlobalSection
EndGlobal
